{
  "version": "3",
  "packages": {
    "specifiers": {
      "jsr:@cliffy/command@^1.0.0-rc.4": "jsr:@cliffy/command@1.0.0-rc.4",
      "jsr:@cliffy/flags@1.0.0-rc.4": "jsr:@cliffy/flags@1.0.0-rc.4",
      "jsr:@cliffy/table@1.0.0-rc.4": "jsr:@cliffy/table@1.0.0-rc.4",
      "jsr:@david/dax@^0.40.1": "jsr:@david/dax@0.40.1",
      "jsr:@david/which@0.3": "jsr:@david/which@0.3.0",
      "jsr:@std/assert@^0.221.0": "jsr:@std/assert@0.221.0",
      "jsr:@std/assert@^0.224.0": "jsr:@std/assert@0.224.0",
      "jsr:@std/async@^0.224.0": "jsr:@std/async@0.224.0",
      "jsr:@std/bytes@^0.221.0": "jsr:@std/bytes@0.221.0",
      "jsr:@std/cli@^0.224.0": "jsr:@std/cli@0.224.0",
      "jsr:@std/console@0.221": "jsr:@std/console@0.221.0",
      "jsr:@std/fmt@0.221": "jsr:@std/fmt@0.221.0",
      "jsr:@std/fmt@^0.221.0": "jsr:@std/fmt@0.221.0",
      "jsr:@std/fs@0.221.0": "jsr:@std/fs@0.221.0",
      "jsr:@std/io@0.221.0": "jsr:@std/io@0.221.0",
      "jsr:@std/io@^0.221.0": "jsr:@std/io@0.221.0",
      "jsr:@std/path@0.221.0": "jsr:@std/path@0.221.0",
      "jsr:@std/path@^0.221.0": "jsr:@std/path@0.221.0",
      "jsr:@std/streams@0.221.0": "jsr:@std/streams@0.221.0",
      "jsr:@std/text@0.221": "jsr:@std/text@0.221.0",
      "npm:shlex": "npm:shlex@2.1.2"
    },
    "jsr": {
      "@cliffy/command@1.0.0-rc.4": {
        "integrity": "709884ffe0f53ce3edafa92b58223634397878fbf6dcabe0c74ea0108273b9f7",
        "dependencies": [
          "jsr:@cliffy/flags@1.0.0-rc.4",
          "jsr:@cliffy/table@1.0.0-rc.4",
          "jsr:@std/fmt@0.221",
          "jsr:@std/text@0.221"
        ]
      },
      "@cliffy/flags@1.0.0-rc.4": {
        "integrity": "29f370ade4ddf6e150a4d25fc44661234c19870ffcf7fb07cd100f1843fcd6e1"
      },
      "@cliffy/table@1.0.0-rc.4": {
        "integrity": "990e4e0b3910e6c9cf7a5b4318b8f5e121cf681494c94fd113febb9b4d4c0741",
        "dependencies": [
          "jsr:@std/console@0.221"
        ]
      },
      "@david/dax@0.40.1": {
        "integrity": "0c71d32a0484d3904f586417995f8ec26d45144f0eba95d3e5bb03b640b6df59",
        "dependencies": [
          "jsr:@david/which@0.3",
          "jsr:@std/fmt@^0.221.0",
          "jsr:@std/fs@0.221.0",
          "jsr:@std/io@0.221.0",
          "jsr:@std/path@0.221.0",
          "jsr:@std/streams@0.221.0"
        ]
      },
      "@david/which@0.3.0": {
        "integrity": "6bdb62c40ac90edcf328e854fa8103a8db21e7c326089cbe3c3a1cf7887d3204"
      },
      "@std/assert@0.221.0": {
        "integrity": "a5f1aa6e7909dbea271754fd4ab3f4e687aeff4873b4cef9a320af813adb489a"
      },
      "@std/assert@0.224.0": {
        "integrity": "8643233ec7aec38a940a8264a6e3eed9bfa44e7a71cc6b3c8874213ff401967f"
      },
      "@std/async@0.224.0": {
        "integrity": "b6da423eeafbd0003fe88d950e069368c6a156f8b5293b7adbd9c8903a8f8d66",
        "dependencies": [
          "jsr:@std/assert@^0.224.0"
        ]
      },
      "@std/bytes@0.221.0": {
        "integrity": "64a047011cf833890a4a2ab7293ac55a1b4f5a050624ebc6a0159c357de91966"
      },
      "@std/cli@0.224.0": {
        "integrity": "2612373d68984637bdad8b9c9dd160e9838ac2a6d463354d537d2897a7cc6d1c",
        "dependencies": [
          "jsr:@std/assert@^0.224.0"
        ]
      },
      "@std/console@0.221.0": {
        "integrity": "8f2afc1f3f14f5d6039c0c767f057e4aa1897d2210e167c4667cb155cafb9d11"
      },
      "@std/fmt@0.221.0": {
        "integrity": "379fed69bdd9731110f26b9085aeb740606b20428ce6af31ef6bd45ef8efa62a"
      },
      "@std/fs@0.221.0": {
        "integrity": "028044450299de8ed5a716ade4e6d524399f035513b85913794f4e81f07da286",
        "dependencies": [
          "jsr:@std/assert@^0.221.0",
          "jsr:@std/path@^0.221.0"
        ]
      },
      "@std/io@0.221.0": {
        "integrity": "faf7f8700d46ab527fa05cc6167f4b97701a06c413024431c6b4d207caa010da",
        "dependencies": [
          "jsr:@std/assert@^0.221.0",
          "jsr:@std/bytes@^0.221.0"
        ]
      },
      "@std/path@0.221.0": {
        "integrity": "0a36f6b17314ef653a3a1649740cc8db51b25a133ecfe838f20b79a56ebe0095",
        "dependencies": [
          "jsr:@std/assert@^0.221.0"
        ]
      },
      "@std/streams@0.221.0": {
        "integrity": "47f2f74634b47449277c0ee79fe878da4424b66bd8975c032e3afdca88986e61",
        "dependencies": [
          "jsr:@std/io@^0.221.0"
        ]
      },
      "@std/text@0.221.0": {
        "integrity": "a2f89ceb0d8851cd33e6774064621a1da9fbc36578cf4f02c5b5bcd7e8c84b67",
        "dependencies": [
          "jsr:@std/assert@^0.221.0"
        ]
      }
    },
    "npm": {
      "shlex@2.1.2": {
        "integrity": "sha512-Nz6gtibMVgYeMEhUjp2KuwAgqaJA1K155dU/HuDaEJUGgnmYfVtVZah+uerVWdH8UGnyahhDCgABbYTbs254+w==",
        "dependencies": {}
      }
    }
  },
  "remote": {},
  "workspace": {
    "dependencies": [
      "jsr:@cliffy/command@^1.0.0-rc.4",
      "jsr:@david/dax@^0.40.1",
      "jsr:@std/async@^0.224.0",
      "jsr:@std/cli@^0.224.0"
    ]
  }
}
