{
  "version": "4",
  "specifiers": {
    "jsr:@cliffy/command@^1.0.0-rc.7": "1.0.0-rc.7",
    "jsr:@cliffy/flags@1.0.0-rc.7": "1.0.0-rc.7",
    "jsr:@cliffy/internal@1.0.0-rc.7": "1.0.0-rc.7",
    "jsr:@cliffy/table@1.0.0-rc.7": "1.0.0-rc.7",
    "jsr:@david/dax@~0.40.1": "0.40.1",
    "jsr:@david/which@0.3": "0.3.0",
    "jsr:@hono/hono@4.6.0": "4.6.0",
    "jsr:@std/assert@0.221": "0.221.0",
    "jsr:@std/assert@0.224": "0.224.0",
    "jsr:@std/assert@^1.0.7": "1.0.7",
    "jsr:@std/async@^1.0.10": "1.0.10",
    "jsr:@std/bytes@0.221": "0.221.0",
    "jsr:@std/cli@0.224": "0.224.0",
    "jsr:@std/fmt@0.221": "0.221.0",
    "jsr:@std/fmt@~1.0.2": "1.0.3",
    "jsr:@std/fs@0.221.0": "0.221.0",
    "jsr:@std/fs@^1.0.11": "1.0.11",
    "jsr:@std/internal@^1.0.5": "1.0.5",
    "jsr:@std/io@0.221": "0.221.0",
    "jsr:@std/io@0.221.0": "0.221.0",
    "jsr:@std/path@0.221": "0.221.0",
    "jsr:@std/path@0.221.0": "0.221.0",
    "jsr:@std/path@^1.0.7": "1.0.8",
    "jsr:@std/path@^1.0.8": "1.0.8",
    "jsr:@std/streams@0.221.0": "0.221.0",
    "jsr:@std/text@~1.0.7": "1.0.8",
    "npm:create-vite@*": "6.0.1",
    "npm:create-vite@5.0.0": "5.0.0",
    "npm:create-vite@5.5.5": "5.5.5",
    "npm:shlex@*": "2.1.2",
    "npm:simple-git@*": "3.25.0"
  },
  "jsr": {
    "@cliffy/command@1.0.0-rc.7": {
      "integrity": "1288808d7a3cd18b86c24c2f920e47a6d954b7e23cadc35c8cbd78f8be41f0cd",
      "dependencies": [
        "jsr:@cliffy/flags",
        "jsr:@cliffy/internal",
        "jsr:@cliffy/table",
        "jsr:@std/fmt@~1.0.2",
        "jsr:@std/text"
      ]
    },
    "@cliffy/flags@1.0.0-rc.7": {
      "integrity": "318d9be98f6a6417b108e03dec427dea96cdd41a15beb21d2554ae6da450a781",
      "dependencies": [
        "jsr:@std/text"
      ]
    },
    "@cliffy/internal@1.0.0-rc.7": {
      "integrity": "10412636ab3e67517d448be9eaab1b70c88eba9be22617b5d146257a11cc9b17"
    },
    "@cliffy/table@1.0.0-rc.7": {
      "integrity": "9fdd9776eda28a0b397981c400eeb1aa36da2371b43eefe12e6ff555290e3180",
      "dependencies": [
        "jsr:@std/fmt@~1.0.2"
      ]
    },
    "@david/dax@0.40.1": {
      "integrity": "0c71d32a0484d3904f586417995f8ec26d45144f0eba95d3e5bb03b640b6df59",
      "dependencies": [
        "jsr:@david/which",
        "jsr:@std/fmt@0.221",
        "jsr:@std/fs@0.221.0",
        "jsr:@std/io@0.221.0",
        "jsr:@std/path@0.221.0",
        "jsr:@std/streams"
      ]
    },
    "@david/which@0.3.0": {
      "integrity": "6bdb62c40ac90edcf328e854fa8103a8db21e7c326089cbe3c3a1cf7887d3204"
    },
    "@hono/hono@4.6.0": {
      "integrity": "075532f37dd97101df07f3367580e68604ecb139619e80e514fa3f0b641378ce"
    },
    "@std/assert@0.221.0": {
      "integrity": "a5f1aa6e7909dbea271754fd4ab3f4e687aeff4873b4cef9a320af813adb489a"
    },
    "@std/assert@0.224.0": {
      "integrity": "8643233ec7aec38a940a8264a6e3eed9bfa44e7a71cc6b3c8874213ff401967f"
    },
    "@std/assert@1.0.7": {
      "integrity": "64ce9fac879e0b9f3042a89b3c3f8ccfc9c984391af19e2087513a79d73e28c3",
      "dependencies": [
        "jsr:@std/internal"
      ]
    },
    "@std/async@1.0.10": {
      "integrity": "2ff1b1c7d33d1416159989b0f69e59ec7ee8cb58510df01e454def2108b3dbec"
    },
    "@std/bytes@0.221.0": {
      "integrity": "64a047011cf833890a4a2ab7293ac55a1b4f5a050624ebc6a0159c357de91966"
    },
    "@std/cli@0.224.0": {
      "integrity": "2612373d68984637bdad8b9c9dd160e9838ac2a6d463354d537d2897a7cc6d1c",
      "dependencies": [
        "jsr:@std/assert@0.224"
      ]
    },
    "@std/fmt@0.221.0": {
      "integrity": "379fed69bdd9731110f26b9085aeb740606b20428ce6af31ef6bd45ef8efa62a"
    },
    "@std/fmt@1.0.3": {
      "integrity": "97765c16aa32245ff4e2204ecf7d8562496a3cb8592340a80e7e554e0bb9149f"
    },
    "@std/fs@0.221.0": {
      "integrity": "028044450299de8ed5a716ade4e6d524399f035513b85913794f4e81f07da286",
      "dependencies": [
        "jsr:@std/assert@0.221",
        "jsr:@std/path@0.221"
      ]
    },
    "@std/fs@1.0.11": {
      "integrity": "ba674672693340c5ebdd018b4fe1af46cb08741f42b4c538154e97d217b55bdd",
      "dependencies": [
        "jsr:@std/path@^1.0.8"
      ]
    },
    "@std/internal@1.0.5": {
      "integrity": "54a546004f769c1ac9e025abd15a76b6671ddc9687e2313b67376125650dc7ba"
    },
    "@std/io@0.221.0": {
      "integrity": "faf7f8700d46ab527fa05cc6167f4b97701a06c413024431c6b4d207caa010da",
      "dependencies": [
        "jsr:@std/assert@0.221",
        "jsr:@std/bytes"
      ]
    },
    "@std/path@0.221.0": {
      "integrity": "0a36f6b17314ef653a3a1649740cc8db51b25a133ecfe838f20b79a56ebe0095",
      "dependencies": [
        "jsr:@std/assert@0.221"
      ]
    },
    "@std/path@1.0.8": {
      "integrity": "548fa456bb6a04d3c1a1e7477986b6cffbce95102d0bb447c67c4ee70e0364be"
    },
    "@std/streams@0.221.0": {
      "integrity": "47f2f74634b47449277c0ee79fe878da4424b66bd8975c032e3afdca88986e61",
      "dependencies": [
        "jsr:@std/io@0.221"
      ]
    },
    "@std/text@1.0.8": {
      "integrity": "40ba34caa095f393e78796e5eda37b8b4e2cc6cfd6f51f34658ad7487b1451e4"
    }
  },
  "npm": {
    "@kwsites/file-exists@1.1.1": {
      "integrity": "sha512-m9/5YGR18lIwxSFDwfE3oA7bWuq9kdau6ugN4H2rJeyhFQZcG9AgSHkQtSD15a8WvTgfz9aikZMrKPHvbpqFiw==",
      "dependencies": [
        "debug"
      ]
    },
    "@kwsites/promise-deferred@1.1.1": {
      "integrity": "sha512-GaHYm+c0O9MjZRu0ongGBRbinu8gVAMd2UZjji6jVmqKtZluZnptXGWhz1E8j8D2HJ3f/yMxKAUC0b+57wncIw=="
    },
    "create-vite@5.0.0": {
      "integrity": "sha512-whEVgshjPziiihkjvrhZVdxZ+KLrDi2OoGHjjPjavmkUfM1OJrwH1AtTsIDzL6tPcuWiNE9kO6GnTROzMGtIMw=="
    },
    "create-vite@5.5.5": {
      "integrity": "sha512-xQaaMBBP7iTs9GrWj48y6WIMqn1l+83ao/BW1T32KkEzzi6kTEEAp0UI9EW/waCy7R4dGN6bRR86YQfPHmUsuQ=="
    },
    "create-vite@6.0.1": {
      "integrity": "sha512-OO8rNsJ4M9kgdX5P/88JUPaSmOZBPr7K+3vU533GL5/i4ntIDfSJLpi3w4Kpu3mTeBQi7whMzXuEe9dRiIrrKA=="
    },
    "debug@4.3.6": {
      "integrity": "sha512-O/09Bd4Z1fBrU4VzkhFqVgpPzaGbw6Sm9FEkBT1A/YBXQFGuuSxa1dN2nxgxS34JmKXqYx8CZAwEVoJFImUXIg==",
      "dependencies": [
        "ms"
      ]
    },
    "ms@2.1.2": {
      "integrity": "sha512-sGkPx+VjMtmA6MX27oA4FBFELFCZZ4S4XqeGOXCv68tT+jb3vk/RyaKWP0PTKyWtmLSM0b+adUTEvbs1PEaH2w=="
    },
    "shlex@2.1.2": {
      "integrity": "sha512-Nz6gtibMVgYeMEhUjp2KuwAgqaJA1K155dU/HuDaEJUGgnmYfVtVZah+uerVWdH8UGnyahhDCgABbYTbs254+w=="
    },
    "simple-git@3.25.0": {
      "integrity": "sha512-KIY5sBnzc4yEcJXW7Tdv4viEz8KyG+nU0hay+DWZasvdFOYKeUZ6Xc25LUHHjw0tinPT7O1eY6pzX7pRT1K8rw==",
      "dependencies": [
        "@kwsites/file-exists",
        "@kwsites/promise-deferred",
        "debug"
      ]
    }
  },
  "workspace": {
    "dependencies": [
      "jsr:@cliffy/command@^1.0.0-rc.7",
      "jsr:@david/dax@~0.40.1",
      "jsr:@std/assert@^1.0.7",
      "jsr:@std/async@^1.0.10",
      "jsr:@std/cli@0.224",
      "jsr:@std/fs@^1.0.11",
      "jsr:@std/path@^1.0.8"
    ],
    "members": {
      "jsr-dev-registry": {
        "dependencies": [
          "jsr:@hono/hono@4.6.0",
          "jsr:@std/path@^1.0.8"
        ]
      }
    }
  }
}
